
Microsoft Visual Studio Solution File, Format Version 12.00
# Visual Studio Version 17
VisualStudioVersion = 17.10.34916.146
MinimumVisualStudioVersion = 10.0.40219.1
Project("{9A19103F-16F7-4668-BE54-9A1E7A4F7556}") = "MineMaze", "MineMaze\MineMaze.csproj", "{72809804-5587-443A-8B55-4CEB653E4937}"
EndProject
Project("{9A19103F-16F7-4668-BE54-9A1E7A4F7556}") = "MineMazeConsole", "MineMazeConsole\MineMazeConsole.csproj", "{3F5F2A6A-AB4F-4B7A-BDAA-7A620EE26027}"
EndProject
Project("{FAE04EC0-301F-11D3-BF4B-00C04F79EFBC}") = "MineMazeTests", "MineMazeTests\MineMazeTests.csproj", "{53012546-3451-4DBE-B570-3761427847E5}"
EndProject
Global
	GlobalSection(SolutionConfigurationPlatforms) = preSolution
		Debug|Any CPU = Debug|Any CPU
		Release|Any CPU = Release|Any CPU
	EndGlobalSection
	GlobalSection(ProjectConfigurationPlatforms) = postSolution
		{72809804-5587-443A-8B55-4CEB653E4937}.Debug|Any CPU.ActiveCfg = Debug|Any CPU
		{72809804-5587-443A-8B55-4CEB653E4937}.Debug|Any CPU.Build.0 = Debug|Any CPU
		{72809804-5587-443A-8B55-4CEB653E4937}.Release|Any CPU.ActiveCfg = Release|Any CPU
		{72809804-5587-443A-8B55-4CEB653E4937}.Release|Any CPU.Build.0 = Release|Any CPU
		{3F5F2A6A-AB4F-4B7A-BDAA-7A620EE26027}.Debug|Any CPU.ActiveCfg = Debug|Any CPU
		{3F5F2A6A-AB4F-4B7A-BDAA-7A620EE26027}.Debug|Any CPU.Build.0 = Debug|Any CPU
		{3F5F2A6A-AB4F-4B7A-BDAA-7A620EE26027}.Release|Any CPU.ActiveCfg = Release|Any CPU
		{3F5F2A6A-AB4F-4B7A-BDAA-7A620EE26027}.Release|Any CPU.Build.0 = Release|Any CPU
		{53012546-3451-4DBE-B570-3761427847E5}.Debug|Any CPU.ActiveCfg = Debug|Any CPU
		{53012546-3451-4DBE-B570-3761427847E5}.Debug|Any CPU.Build.0 = Debug|Any CPU
		{53012546-3451-4DBE-B570-3761427847E5}.Release|Any CPU.ActiveCfg = Release|Any CPU
		{53012546-3451-4DBE-B570-3761427847E5}.Release|Any CPU.Build.0 = Release|Any CPU
	EndGlobalSection
	GlobalSection(SolutionProperties) = preSolution
		HideSolutionNode = FALSE
	EndGlobalSection
	GlobalSection(ExtensibilityGlobals) = postSolution
		SolutionGuid = {B1026D15-F654-4BEA-AC23-C944B5DCAA41}
	EndGlobalSection
EndGlobal
